
Microsoft Visual Studio Solution File, Format Version 12.00
# Visual Studio Version 17
VisualStudioVersion = 17.4.33205.214
MinimumVisualStudioVersion = 10.0.40219.1
Project("{9A19103F-16F7-4668-BE54-9A1E7A4F7556}") = "WS.WebApp", "WS.WebApp\WS.WebApp.csproj", "{19655562-67F6-4743-83D0-DA69E07E45A6}"
EndProject
Project("{2150E333-8FDC-42A3-9474-1A3956D46DE8}") = "Solution Items", "Solution Items", "{2134B84D-07CC-45B3-961A-D3098CAA60EC}"
	ProjectSection(SolutionItems) = preProject
		README.md = README.md
	EndProjectSection
EndProject
Project("{9A19103F-16F7-4668-BE54-9A1E7A4F7556}") = "WS.Data", "WS.Data\WS.Data.csproj", "{C8808F61-CE3E-475F-906D-DA3465DD9040}"
EndProject
Project("{9A19103F-16F7-4668-BE54-9A1E7A4F7556}") = "WS.Application", "WS.Application\WS.Application.csproj", "{4AD9CBED-E3CC-4D66-8F63-3803B085C8D8}"
EndProject
Project("{9A19103F-16F7-4668-BE54-9A1E7A4F7556}") = "WS.Utilities", "WS.Utilities\WS.Utilities.csproj", "{23D578F4-5F46-4E75-9B0D-26414EDE81C1}"
EndProject
Project("{9A19103F-16F7-4668-BE54-9A1E7A4F7556}") = "WS.BackendApi", "WS.BackendApi\WS.BackendApi.csproj", "{8A77E240-9136-4D0E-A671-E5B6A81A4915}"
EndProject
Project("{9A19103F-16F7-4668-BE54-9A1E7A4F7556}") = "WS.AdminApp", "WS.AdminApp\WS.AdminApp.csproj", "{F15942D2-A865-469A-A2C1-D7A15BEE076E}"
EndProject
Project("{2150E333-8FDC-42A3-9474-1A3956D46DE8}") = "1. Infrastructure", "1. Infrastructure", "{F5B2C7EF-F4FA-4114-BA69-AD3A0A0C8F42}"
EndProject
Project("{2150E333-8FDC-42A3-9474-1A3956D46DE8}") = "2. Domain", "2. Domain", "{54219CDF-0838-46A0-B047-DB745537F251}"
EndProject
Project("{2150E333-8FDC-42A3-9474-1A3956D46DE8}") = "3. Hosts", "3. Hosts", "{82A50CE3-E152-41B7-A560-E8E788D28D06}"
EndProject
Global
	GlobalSection(SolutionConfigurationPlatforms) = preSolution
		Debug|Any CPU = Debug|Any CPU
		Release|Any CPU = Release|Any CPU
	EndGlobalSection
	GlobalSection(ProjectConfigurationPlatforms) = postSolution
		{19655562-67F6-4743-83D0-DA69E07E45A6}.Debug|Any CPU.ActiveCfg = Debug|Any CPU
		{19655562-67F6-4743-83D0-DA69E07E45A6}.Debug|Any CPU.Build.0 = Debug|Any CPU
		{19655562-67F6-4743-83D0-DA69E07E45A6}.Release|Any CPU.ActiveCfg = Release|Any CPU
		{19655562-67F6-4743-83D0-DA69E07E45A6}.Release|Any CPU.Build.0 = Release|Any CPU
		{C8808F61-CE3E-475F-906D-DA3465DD9040}.Debug|Any CPU.ActiveCfg = Debug|Any CPU
		{C8808F61-CE3E-475F-906D-DA3465DD9040}.Debug|Any CPU.Build.0 = Debug|Any CPU
		{C8808F61-CE3E-475F-906D-DA3465DD9040}.Release|Any CPU.ActiveCfg = Release|Any CPU
		{C8808F61-CE3E-475F-906D-DA3465DD9040}.Release|Any CPU.Build.0 = Release|Any CPU
		{4AD9CBED-E3CC-4D66-8F63-3803B085C8D8}.Debug|Any CPU.ActiveCfg = Debug|Any CPU
		{4AD9CBED-E3CC-4D66-8F63-3803B085C8D8}.Debug|Any CPU.Build.0 = Debug|Any CPU
		{4AD9CBED-E3CC-4D66-8F63-3803B085C8D8}.Release|Any CPU.ActiveCfg = Release|Any CPU
		{4AD9CBED-E3CC-4D66-8F63-3803B085C8D8}.Release|Any CPU.Build.0 = Release|Any CPU
		{23D578F4-5F46-4E75-9B0D-26414EDE81C1}.Debug|Any CPU.ActiveCfg = Debug|Any CPU
		{23D578F4-5F46-4E75-9B0D-26414EDE81C1}.Debug|Any CPU.Build.0 = Debug|Any CPU
		{23D578F4-5F46-4E75-9B0D-26414EDE81C1}.Release|Any CPU.ActiveCfg = Release|Any CPU
		{23D578F4-5F46-4E75-9B0D-26414EDE81C1}.Release|Any CPU.Build.0 = Release|Any CPU
		{8A77E240-9136-4D0E-A671-E5B6A81A4915}.Debug|Any CPU.ActiveCfg = Debug|Any CPU
		{8A77E240-9136-4D0E-A671-E5B6A81A4915}.Debug|Any CPU.Build.0 = Debug|Any CPU
		{8A77E240-9136-4D0E-A671-E5B6A81A4915}.Release|Any CPU.ActiveCfg = Release|Any CPU
		{8A77E240-9136-4D0E-A671-E5B6A81A4915}.Release|Any CPU.Build.0 = Release|Any CPU
		{F15942D2-A865-469A-A2C1-D7A15BEE076E}.Debug|Any CPU.ActiveCfg = Debug|Any CPU
		{F15942D2-A865-469A-A2C1-D7A15BEE076E}.Debug|Any CPU.Build.0 = Debug|Any CPU
		{F15942D2-A865-469A-A2C1-D7A15BEE076E}.Release|Any CPU.ActiveCfg = Release|Any CPU
		{F15942D2-A865-469A-A2C1-D7A15BEE076E}.Release|Any CPU.Build.0 = Release|Any CPU
	EndGlobalSection
	GlobalSection(SolutionProperties) = preSolution
		HideSolutionNode = FALSE
	EndGlobalSection
	GlobalSection(NestedProjects) = preSolution
		{19655562-67F6-4743-83D0-DA69E07E45A6} = {82A50CE3-E152-41B7-A560-E8E788D28D06}
		{C8808F61-CE3E-475F-906D-DA3465DD9040} = {54219CDF-0838-46A0-B047-DB745537F251}
		{4AD9CBED-E3CC-4D66-8F63-3803B085C8D8} = {54219CDF-0838-46A0-B047-DB745537F251}
		{23D578F4-5F46-4E75-9B0D-26414EDE81C1} = {F5B2C7EF-F4FA-4114-BA69-AD3A0A0C8F42}
		{8A77E240-9136-4D0E-A671-E5B6A81A4915} = {82A50CE3-E152-41B7-A560-E8E788D28D06}
		{F15942D2-A865-469A-A2C1-D7A15BEE076E} = {82A50CE3-E152-41B7-A560-E8E788D28D06}
	EndGlobalSection
	GlobalSection(ExtensibilityGlobals) = postSolution
		SolutionGuid = {B41853C1-EDE3-4046-B107-73A51C7124B2}
	EndGlobalSection
EndGlobal
